{
    "_readme": [
        "This file locks the dependencies of your project to a known state",
        "Read more about it at https://getcomposer.org/doc/01-basic-usage.md#installing-dependencies",
        "This file is @generated automatically"
    ],
    "content-hash": "4e75d32f724ac547a27fd829dd0f70eb",
    "packages": [
        {
            "name": "composer/ca-bundle",
            "version": "1.3.6",
            "source": {
                "type": "git",
                "url": "https://github.com/composer/ca-bundle.git",
                "reference": "90d087e988ff194065333d16bc5cf649872d9cdb"
            },
            "dist": {
                "type": "zip",
                "url": "https://api.github.com/repos/composer/ca-bundle/zipball/90d087e988ff194065333d16bc5cf649872d9cdb",
                "reference": "90d087e988ff194065333d16bc5cf649872d9cdb",
                "shasum": ""
            },
            "require": {
                "ext-openssl": "*",
                "ext-pcre": "*",
                "php": "^5.3.2 || ^7.0 || ^8.0"
            },
            "require-dev": {
                "phpstan/phpstan": "^0.12.55",
                "psr/log": "^1.0",
                "symfony/phpunit-bridge": "^4.2 || ^5",
                "symfony/process": "^2.5 || ^3.0 || ^4.0 || ^5.0 || ^6.0"
            },
            "type": "library",
            "extra": {
                "branch-alias": {
                    "dev-main": "1.x-dev"
                }
            },
            "autoload": {
                "psr-4": {
                    "Composer\\CaBundle\\": "src"
                }
            },
            "notification-url": "https://packagist.org/downloads/",
            "license": [
                "MIT"
            ],
            "authors": [
                {
                    "name": "Jordi Boggiano",
                    "email": "j.boggiano@seld.be",
                    "homepage": "http://seld.be"
                }
            ],
            "description": "Lets you find a path to the system CA bundle, and includes a fallback to the Mozilla CA bundle.",
            "keywords": [
                "cabundle",
                "cacert",
                "certificate",
                "ssl",
                "tls"
            ],
            "support": {
                "irc": "irc://irc.freenode.org/composer",
                "issues": "https://github.com/composer/ca-bundle/issues",
                "source": "https://github.com/composer/ca-bundle/tree/1.3.6"
            },
            "funding": [
                {
                    "url": "https://packagist.com",
                    "type": "custom"
                },
                {
                    "url": "https://github.com/composer",
                    "type": "github"
                },
                {
                    "url": "https://tidelift.com/funding/github/packagist/composer/composer",
                    "type": "tidelift"
                }
            ],
            "time": "2023-06-06T12:02:59+00:00"
        },
        {
            "name": "embed/embed",
            "version": "v3.4.18",
            "source": {
                "type": "git",
                "url": "https://github.com/oscarotero/Embed.git",
                "reference": "fe379f61d3ecca7a0824c4bb3839ebe0a1819520"
            },
            "dist": {
                "type": "zip",
                "url": "https://api.github.com/repos/oscarotero/Embed/zipball/fe379f61d3ecca7a0824c4bb3839ebe0a1819520",
                "reference": "fe379f61d3ecca7a0824c4bb3839ebe0a1819520",
                "shasum": ""
            },
            "require": {
                "composer/ca-bundle": "^1.0",
                "ext-curl": "*",
                "ext-dom": "*",
                "ext-mbstring": "*",
                "php": "^5.6|^7.0|^8.0"
            },
            "require-dev": {
                "friendsofphp/php-cs-fixer": "^2.0",
                "phpunit/phpunit": "^5.7|^6.0|^7.0"
            },
            "type": "library",
            "autoload": {
                "psr-4": {
                    "Embed\\": "src"
                }
            },
            "notification-url": "https://packagist.org/downloads/",
            "license": [
                "MIT"
            ],
            "authors": [
                {
                    "name": "Oscar Otero",
                    "email": "oom@oscarotero.com",
                    "homepage": "http://oscarotero.com",
                    "role": "Developer"
                }
            ],
            "description": "PHP library to retrieve page info using oembed, opengraph, etc",
            "homepage": "https://github.com/oscarotero/Embed",
            "keywords": [
                "embed",
                "embedly",
                "oembed",
                "opengraph",
                "twitter cards"
            ],
            "support": {
                "email": "oom@oscarotero.com",
                "issues": "https://github.com/oscarotero/Embed/issues",
                "source": "https://github.com/oscarotero/Embed/tree/v3.4.18"
            },
            "funding": [
                {
                    "url": "https://paypal.me/oscarotero",
                    "type": "custom"
                },
                {
                    "url": "https://github.com/oscarotero",
                    "type": "github"
                },
                {
                    "url": "https://www.patreon.com/misteroom",
                    "type": "patreon"
                }
            ],
            "time": "2022-07-15T09:34:07+00:00"
        }
    ],
    "packages-dev": [],
    "aliases": [],
    "minimum-stability": "stable",
    "stability-flags": [],
    "prefer-stable": false,
    "prefer-lowest": false,
    "platform": [],
    "platform-dev": [],
    "plugin-api-version": "2.2.0"
}
